
Microsoft Visual Studio Solution File, Format Version 12.00
# Visual Studio Version 17
VisualStudioVersion = 17.1.32414.318
MinimumVisualStudioVersion = 10.0.40219.1
Project("{888888A0-9F3D-457C-B088-3A5042F75D52}") = "PythonBrowser", "PythonBrowser\PythonBrowser.pyproj", "{8107440B-E3DF-4D9F-BD7E-C1BB17C2957D}"
EndProject
Global
	GlobalSection(SolutionConfigurationPlatforms) = preSolution
		Debug|Any CPU = Debug|Any CPU
		Release|Any CPU = Release|Any CPU
	EndGlobalSection
	GlobalSection(ProjectConfigurationPlatforms) = postSolution
		{8107440B-E3DF-4D9F-BD7E-C1BB17C2957D}.Debug|Any CPU.ActiveCfg = Debug|Any CPU
		{8107440B-E3DF-4D9F-BD7E-C1BB17C2957D}.Release|Any CPU.ActiveCfg = Release|Any CPU
	EndGlobalSection
	GlobalSection(SolutionProperties) = preSolution
		HideSolutionNode = FALSE
	EndGlobalSection
	GlobalSection(ExtensibilityGlobals) = postSolution
		SolutionGuid = {869F585D-E618-408D-AB29-FAA2B18DB2B7}
	EndGlobalSection
EndGlobal
